
Microsoft Visual Studio Solution File, Format Version 12.00
# Visual Studio Version 17
VisualStudioVersion = 17.0.31903.59
MinimumVisualStudioVersion = 10.0.40219.1
Project("{FAE04EC0-301F-11D3-BF4B-00C04F79EFBC}") = "Vocabulary", "Vocabulary\Vocabulary.csproj", "{823AF964-F542-486A-8F14-9D05C567B972}"
EndProject
Project("{FAE04EC0-301F-11D3-BF4B-00C04F79EFBC}") = "Numbers", "Numbers\Numbers.csproj", "{E24FF37E-656C-4B7C-A16F-3C43499EB1E2}"
EndProject
Project("{FAE04EC0-301F-11D3-BF4B-00C04F79EFBC}") = "Variables", "Variables\Variables.csproj", "{894C2CAA-059A-49EF-8C2D-C38662DC0099}"
EndProject
Project("{FAE04EC0-301F-11D3-BF4B-00C04F79EFBC}") = "Formatting", "Formatting\Formatting.csproj", "{5E4B2C9A-2308-4AFE-B5A9-800FD259BBA4}"
EndProject
Project("{FAE04EC0-301F-11D3-BF4B-00C04F79EFBC}") = "Arguments", "Arguments\Arguments.csproj", "{29139F10-6C12-4072-B4BA-A25B6EB5EDFF}"
EndProject
Global
	GlobalSection(SolutionConfigurationPlatforms) = preSolution
		Debug|Any CPU = Debug|Any CPU
		Release|Any CPU = Release|Any CPU
	EndGlobalSection
	GlobalSection(SolutionProperties) = preSolution
		HideSolutionNode = FALSE
	EndGlobalSection
	GlobalSection(ProjectConfigurationPlatforms) = postSolution
		{823AF964-F542-486A-8F14-9D05C567B972}.Debug|Any CPU.ActiveCfg = Debug|Any CPU
		{823AF964-F542-486A-8F14-9D05C567B972}.Debug|Any CPU.Build.0 = Debug|Any CPU
		{823AF964-F542-486A-8F14-9D05C567B972}.Release|Any CPU.ActiveCfg = Release|Any CPU
		{823AF964-F542-486A-8F14-9D05C567B972}.Release|Any CPU.Build.0 = Release|Any CPU
		{E24FF37E-656C-4B7C-A16F-3C43499EB1E2}.Debug|Any CPU.ActiveCfg = Debug|Any CPU
		{E24FF37E-656C-4B7C-A16F-3C43499EB1E2}.Debug|Any CPU.Build.0 = Debug|Any CPU
		{E24FF37E-656C-4B7C-A16F-3C43499EB1E2}.Release|Any CPU.ActiveCfg = Release|Any CPU
		{E24FF37E-656C-4B7C-A16F-3C43499EB1E2}.Release|Any CPU.Build.0 = Release|Any CPU
		{894C2CAA-059A-49EF-8C2D-C38662DC0099}.Debug|Any CPU.ActiveCfg = Debug|Any CPU
		{894C2CAA-059A-49EF-8C2D-C38662DC0099}.Debug|Any CPU.Build.0 = Debug|Any CPU
		{894C2CAA-059A-49EF-8C2D-C38662DC0099}.Release|Any CPU.ActiveCfg = Release|Any CPU
		{894C2CAA-059A-49EF-8C2D-C38662DC0099}.Release|Any CPU.Build.0 = Release|Any CPU
		{5E4B2C9A-2308-4AFE-B5A9-800FD259BBA4}.Debug|Any CPU.ActiveCfg = Debug|Any CPU
		{5E4B2C9A-2308-4AFE-B5A9-800FD259BBA4}.Debug|Any CPU.Build.0 = Debug|Any CPU
		{5E4B2C9A-2308-4AFE-B5A9-800FD259BBA4}.Release|Any CPU.ActiveCfg = Release|Any CPU
		{5E4B2C9A-2308-4AFE-B5A9-800FD259BBA4}.Release|Any CPU.Build.0 = Release|Any CPU
		{29139F10-6C12-4072-B4BA-A25B6EB5EDFF}.Debug|Any CPU.ActiveCfg = Debug|Any CPU
		{29139F10-6C12-4072-B4BA-A25B6EB5EDFF}.Debug|Any CPU.Build.0 = Debug|Any CPU
		{29139F10-6C12-4072-B4BA-A25B6EB5EDFF}.Release|Any CPU.ActiveCfg = Release|Any CPU
		{29139F10-6C12-4072-B4BA-A25B6EB5EDFF}.Release|Any CPU.Build.0 = Release|Any CPU
	EndGlobalSection
EndGlobal
