
Microsoft Visual Studio Solution File, Format Version 12.00
# Visual Studio Version 17
VisualStudioVersion = 17.0.31903.59
MinimumVisualStudioVersion = 10.0.40219.1
Project("{FAE04EC0-301F-11D3-BF4B-00C04F79EFBC}") = "Operators", "Operators\Operators.csproj", "{99D3A728-D5CC-4016-B988-287CBC6231BF}"
EndProject
Project("{FAE04EC0-301F-11D3-BF4B-00C04F79EFBC}") = "SelectionStatements", "SelectionStatements\SelectionStatements.csproj", "{929358CC-38BB-4962-BA35-8B5AEFD1B935}"
EndProject
Project("{FAE04EC0-301F-11D3-BF4B-00C04F79EFBC}") = "IterationStatements", "IterationStatements\IterationStatements.csproj", "{E92D3F2B-1B6D-4FEF-B14E-F05916CBF784}"
EndProject
Project("{FAE04EC0-301F-11D3-BF4B-00C04F79EFBC}") = "Arrays", "Arrays\Arrays.csproj", "{340AE15B-44D6-4838-A8DD-E3E941A1A9DE}"
EndProject
Project("{FAE04EC0-301F-11D3-BF4B-00C04F79EFBC}") = "CastingConverting", "CastingConverting\CastingConverting.csproj", "{203555F8-3B29-4F80-95DB-62A06FDFC091}"
EndProject
Project("{FAE04EC0-301F-11D3-BF4B-00C04F79EFBC}") = "HandlingExceptions", "HandlingExceptions\HandlingExceptions.csproj", "{1520F049-7EF3-45B1-96A1-29FD196B6F39}"
EndProject
Global
	GlobalSection(SolutionConfigurationPlatforms) = preSolution
		Debug|Any CPU = Debug|Any CPU
		Release|Any CPU = Release|Any CPU
	EndGlobalSection
	GlobalSection(SolutionProperties) = preSolution
		HideSolutionNode = FALSE
	EndGlobalSection
	GlobalSection(ProjectConfigurationPlatforms) = postSolution
		{99D3A728-D5CC-4016-B988-287CBC6231BF}.Debug|Any CPU.ActiveCfg = Debug|Any CPU
		{99D3A728-D5CC-4016-B988-287CBC6231BF}.Debug|Any CPU.Build.0 = Debug|Any CPU
		{99D3A728-D5CC-4016-B988-287CBC6231BF}.Release|Any CPU.ActiveCfg = Release|Any CPU
		{99D3A728-D5CC-4016-B988-287CBC6231BF}.Release|Any CPU.Build.0 = Release|Any CPU
		{929358CC-38BB-4962-BA35-8B5AEFD1B935}.Debug|Any CPU.ActiveCfg = Debug|Any CPU
		{929358CC-38BB-4962-BA35-8B5AEFD1B935}.Debug|Any CPU.Build.0 = Debug|Any CPU
		{929358CC-38BB-4962-BA35-8B5AEFD1B935}.Release|Any CPU.ActiveCfg = Release|Any CPU
		{929358CC-38BB-4962-BA35-8B5AEFD1B935}.Release|Any CPU.Build.0 = Release|Any CPU
		{E92D3F2B-1B6D-4FEF-B14E-F05916CBF784}.Debug|Any CPU.ActiveCfg = Debug|Any CPU
		{E92D3F2B-1B6D-4FEF-B14E-F05916CBF784}.Debug|Any CPU.Build.0 = Debug|Any CPU
		{E92D3F2B-1B6D-4FEF-B14E-F05916CBF784}.Release|Any CPU.ActiveCfg = Release|Any CPU
		{E92D3F2B-1B6D-4FEF-B14E-F05916CBF784}.Release|Any CPU.Build.0 = Release|Any CPU
		{340AE15B-44D6-4838-A8DD-E3E941A1A9DE}.Debug|Any CPU.ActiveCfg = Debug|Any CPU
		{340AE15B-44D6-4838-A8DD-E3E941A1A9DE}.Debug|Any CPU.Build.0 = Debug|Any CPU
		{340AE15B-44D6-4838-A8DD-E3E941A1A9DE}.Release|Any CPU.ActiveCfg = Release|Any CPU
		{340AE15B-44D6-4838-A8DD-E3E941A1A9DE}.Release|Any CPU.Build.0 = Release|Any CPU
		{203555F8-3B29-4F80-95DB-62A06FDFC091}.Debug|Any CPU.ActiveCfg = Debug|Any CPU
		{203555F8-3B29-4F80-95DB-62A06FDFC091}.Debug|Any CPU.Build.0 = Debug|Any CPU
		{203555F8-3B29-4F80-95DB-62A06FDFC091}.Release|Any CPU.ActiveCfg = Release|Any CPU
		{203555F8-3B29-4F80-95DB-62A06FDFC091}.Release|Any CPU.Build.0 = Release|Any CPU
		{1520F049-7EF3-45B1-96A1-29FD196B6F39}.Debug|Any CPU.ActiveCfg = Debug|Any CPU
		{1520F049-7EF3-45B1-96A1-29FD196B6F39}.Debug|Any CPU.Build.0 = Debug|Any CPU
		{1520F049-7EF3-45B1-96A1-29FD196B6F39}.Release|Any CPU.ActiveCfg = Release|Any CPU
		{1520F049-7EF3-45B1-96A1-29FD196B6F39}.Release|Any CPU.Build.0 = Release|Any CPU
	EndGlobalSection
EndGlobal
