
Microsoft Visual Studio Solution File, Format Version 12.00
Project("{FAE04EC0-301F-11D3-BF4B-00C04F79EFBC}") = "Operators", "Operators\Operators.csproj", "{FAEC743D-1660-470F-B199-ED7A3887383E}"
EndProject
Global
	GlobalSection(SolutionConfigurationPlatforms) = preSolution
		Debug|Any CPU = Debug|Any CPU
		Release|Any CPU = Release|Any CPU
	EndGlobalSection
	GlobalSection(ProjectConfigurationPlatforms) = postSolution
		{FAEC743D-1660-470F-B199-ED7A3887383E}.Debug|Any CPU.ActiveCfg = Debug|Any CPU
		{FAEC743D-1660-470F-B199-ED7A3887383E}.Debug|Any CPU.Build.0 = Debug|Any CPU
		{FAEC743D-1660-470F-B199-ED7A3887383E}.Release|Any CPU.ActiveCfg = Release|Any CPU
		{FAEC743D-1660-470F-B199-ED7A3887383E}.Release|Any CPU.Build.0 = Release|Any CPU
	EndGlobalSection
EndGlobal
